// !$*UTF8*$!
{
	archiveVersion = 1;
	classes = {
	};
	objectVersion = 56;
	objects = {

/* Begin PBXBuildFile section */
		382115362B01A37700B9BE80 /* Coffee_CreekApp.swift in Sources */ = {isa = PBXBuildFile; fileRef = 382115352B01A37700B9BE80 /* Coffee_CreekApp.swift */; };
		382115382B01A37700B9BE80 /* ContentView.swift in Sources */ = {isa = PBXBuildFile; fileRef = 382115372B01A37700B9BE80 /* ContentView.swift */; };
		3821153A2B01A37800B9BE80 /* Assets.xcassets in Resources */ = {isa = PBXBuildFile; fileRef = 382115392B01A37800B9BE80 /* Assets.xcassets */; };
		3821153D2B01A37800B9BE80 /* Preview Assets.xcassets in Resources */ = {isa = PBXBuildFile; fileRef = 3821153C2B01A37800B9BE80 /* Preview Assets.xcassets */; };
		382115472B01A37800B9BE80 /* Coffee_CreekTests.swift in Sources */ = {isa = PBXBuildFile; fileRef = 382115462B01A37800B9BE80 /* Coffee_CreekTests.swift */; };
		382115512B01A37800B9BE80 /* Coffee_CreekUITests.swift in Sources */ = {isa = PBXBuildFile; fileRef = 382115502B01A37800B9BE80 /* Coffee_CreekUITests.swift */; };
		382115532B01A37800B9BE80 /* Coffee_CreekUITestsLaunchTests.swift in Sources */ = {isa = PBXBuildFile; fileRef = 382115522B01A37800B9BE80 /* Coffee_CreekUITestsLaunchTests.swift */; };
		382115602B01F4DD00B9BE80 /* SpalshScreen.swift in Sources */ = {isa = PBXBuildFile; fileRef = 3821155F2B01F4DD00B9BE80 /* SpalshScreen.swift */; };
		38D87FE52B070C2B005C2696 /* ListItemView.swift in Sources */ = {isa = PBXBuildFile; fileRef = 38D87FE42B070C2B005C2696 /* ListItemView.swift */; };
		38D87FE72B07110F005C2696 /* CoffeePlace.swift in Sources */ = {isa = PBXBuildFile; fileRef = 38D87FE62B07110F005C2696 /* CoffeePlace.swift */; };
		38D87FE92B09B134005C2696 /* MockNearMeSearch.json in Resources */ = {isa = PBXBuildFile; fileRef = 38D87FE82B09B134005C2696 /* MockNearMeSearch.json */; };
		38D87FED2B09B57E005C2696 /* Networking.swift in Sources */ = {isa = PBXBuildFile; fileRef = 38D87FEC2B09B57E005C2696 /* Networking.swift */; };
		38D87FEF2B0AC441005C2696 /* Model.swift in Sources */ = {isa = PBXBuildFile; fileRef = 38D87FEE2B0AC441005C2696 /* Model.swift */; };
/* End PBXBuildFile section */

/* Begin PBXContainerItemProxy section */
		382115432B01A37800B9BE80 /* PBXContainerItemProxy */ = {
			isa = PBXContainerItemProxy;
			containerPortal = 3821152A2B01A37700B9BE80 /* Project object */;
			proxyType = 1;
			remoteGlobalIDString = 382115312B01A37700B9BE80;
			remoteInfo = "Coffee Creek";
		};
		3821154D2B01A37800B9BE80 /* PBXContainerItemProxy */ = {
			isa = PBXContainerItemProxy;
			containerPortal = 3821152A2B01A37700B9BE80 /* Project object */;
			proxyType = 1;
			remoteGlobalIDString = 382115312B01A37700B9BE80;
			remoteInfo = "Coffee Creek";
		};
/* End PBXContainerItemProxy section */

/* Begin PBXFileReference section */
		382115322B01A37700B9BE80 /* Coffee Creek.app */ = {isa = PBXFileReference; explicitFileType = wrapper.application; includeInIndex = 0; path = "Coffee Creek.app"; sourceTree = BUILT_PRODUCTS_DIR; };
		382115352B01A37700B9BE80 /* Coffee_CreekApp.swift */ = {isa = PBXFileReference; lastKnownFileType = sourcecode.swift; path = Coffee_CreekApp.swift; sourceTree = "<group>"; };
		382115372B01A37700B9BE80 /* ContentView.swift */ = {isa = PBXFileReference; lastKnownFileType = sourcecode.swift; path = ContentView.swift; sourceTree = "<group>"; };
		382115392B01A37800B9BE80 /* Assets.xcassets */ = {isa = PBXFileReference; lastKnownFileType = folder.assetcatalog; path = Assets.xcassets; sourceTree = "<group>"; };
		3821153C2B01A37800B9BE80 /* Preview Assets.xcassets */ = {isa = PBXFileReference; lastKnownFileType = folder.assetcatalog; path = "Preview Assets.xcassets"; sourceTree = "<group>"; };
		382115422B01A37800B9BE80 /* Coffee CreekTests.xctest */ = {isa = PBXFileReference; explicitFileType = wrapper.cfbundle; includeInIndex = 0; path = "Coffee CreekTests.xctest"; sourceTree = BUILT_PRODUCTS_DIR; };
		382115462B01A37800B9BE80 /* Coffee_CreekTests.swift */ = {isa = PBXFileReference; lastKnownFileType = sourcecode.swift; path = Coffee_CreekTests.swift; sourceTree = "<group>"; };
		3821154C2B01A37800B9BE80 /* Coffee CreekUITests.xctest */ = {isa = PBXFileReference; explicitFileType = wrapper.cfbundle; includeInIndex = 0; path = "Coffee CreekUITests.xctest"; sourceTree = BUILT_PRODUCTS_DIR; };
		382115502B01A37800B9BE80 /* Coffee_CreekUITests.swift */ = {isa = PBXFileReference; lastKnownFileType = sourcecode.swift; path = Coffee_CreekUITests.swift; sourceTree = "<group>"; };
		382115522B01A37800B9BE80 /* Coffee_CreekUITestsLaunchTests.swift */ = {isa = PBXFileReference; lastKnownFileType = sourcecode.swift; path = Coffee_CreekUITestsLaunchTests.swift; sourceTree = "<group>"; };
		3821155F2B01F4DD00B9BE80 /* SpalshScreen.swift */ = {isa = PBXFileReference; lastKnownFileType = sourcecode.swift; path = SpalshScreen.swift; sourceTree = "<group>"; };
		38D87FE42B070C2B005C2696 /* ListItemView.swift */ = {isa = PBXFileReference; lastKnownFileType = sourcecode.swift; path = ListItemView.swift; sourceTree = "<group>"; };
		38D87FE62B07110F005C2696 /* CoffeePlace.swift */ = {isa = PBXFileReference; lastKnownFileType = sourcecode.swift; path = CoffeePlace.swift; sourceTree = "<group>"; };
		38D87FE82B09B134005C2696 /* MockNearMeSearch.json */ = {isa = PBXFileReference; lastKnownFileType = text.json; path = MockNearMeSearch.json; sourceTree = "<group>"; };
		38D87FEC2B09B57E005C2696 /* Networking.swift */ = {isa = PBXFileReference; lastKnownFileType = sourcecode.swift; path = Networking.swift; sourceTree = "<group>"; };
		38D87FEE2B0AC441005C2696 /* Model.swift */ = {isa = PBXFileReference; lastKnownFileType = sourcecode.swift; path = Model.swift; sourceTree = "<group>"; };
/* End PBXFileReference section */

/* Begin PBXFrameworksBuildPhase section */
		3821152F2B01A37700B9BE80 /* Frameworks */ = {
			isa = PBXFrameworksBuildPhase;
			buildActionMask = 2147483647;
			files = (
			);
			runOnlyForDeploymentPostprocessing = 0;
		};
		3821153F2B01A37800B9BE80 /* Frameworks */ = {
			isa = PBXFrameworksBuildPhase;
			buildActionMask = 2147483647;
			files = (
			);
			runOnlyForDeploymentPostprocessing = 0;
		};
		382115492B01A37800B9BE80 /* Frameworks */ = {
			isa = PBXFrameworksBuildPhase;
			buildActionMask = 2147483647;
			files = (
			);
			runOnlyForDeploymentPostprocessing = 0;
		};
/* End PBXFrameworksBuildPhase section */

/* Begin PBXGroup section */
		382115292B01A37700B9BE80 = {
			isa = PBXGroup;
			children = (
				382115342B01A37700B9BE80 /* Coffee Creek */,
				382115452B01A37800B9BE80 /* Coffee CreekTests */,
				3821154F2B01A37800B9BE80 /* Coffee CreekUITests */,
				382115332B01A37700B9BE80 /* Products */,
			);
			sourceTree = "<group>";
		};
		382115332B01A37700B9BE80 /* Products */ = {
			isa = PBXGroup;
			children = (
				382115322B01A37700B9BE80 /* Coffee Creek.app */,
				382115422B01A37800B9BE80 /* Coffee CreekTests.xctest */,
				3821154C2B01A37800B9BE80 /* Coffee CreekUITests.xctest */,
			);
			name = Products;
			sourceTree = "<group>";
		};
		382115342B01A37700B9BE80 /* Coffee Creek */ = {
			isa = PBXGroup;
			children = (
				38D87FEB2B09B537005C2696 /* Model */,
				38D87FEA2B09B500005C2696 /* view */,
				382115352B01A37700B9BE80 /* Coffee_CreekApp.swift */,
				382115392B01A37800B9BE80 /* Assets.xcassets */,
				3821153B2B01A37800B9BE80 /* Preview Content */,
				3821155F2B01F4DD00B9BE80 /* SpalshScreen.swift */,
				38D87FE82B09B134005C2696 /* MockNearMeSearch.json */,
			);
			path = "Coffee Creek";
			sourceTree = "<group>";
		};
		3821153B2B01A37800B9BE80 /* Preview Content */ = {
			isa = PBXGroup;
			children = (
				3821153C2B01A37800B9BE80 /* Preview Assets.xcassets */,
			);
			path = "Preview Content";
			sourceTree = "<group>";
		};
		382115452B01A37800B9BE80 /* Coffee CreekTests */ = {
			isa = PBXGroup;
			children = (
				382115462B01A37800B9BE80 /* Coffee_CreekTests.swift */,
			);
			path = "Coffee CreekTests";
			sourceTree = "<group>";
		};
		3821154F2B01A37800B9BE80 /* Coffee CreekUITests */ = {
			isa = PBXGroup;
			children = (
				382115502B01A37800B9BE80 /* Coffee_CreekUITests.swift */,
				382115522B01A37800B9BE80 /* Coffee_CreekUITestsLaunchTests.swift */,
			);
			path = "Coffee CreekUITests";
			sourceTree = "<group>";
		};
		38D87FEA2B09B500005C2696 /* view */ = {
			isa = PBXGroup;
			children = (
				38D87FE62B07110F005C2696 /* CoffeePlace.swift */,
				38D87FE42B070C2B005C2696 /* ListItemView.swift */,
				382115372B01A37700B9BE80 /* ContentView.swift */,
			);
			path = view;
			sourceTree = "<group>";
		};
		38D87FEB2B09B537005C2696 /* Model */ = {
			isa = PBXGroup;
			children = (
				38D87FEC2B09B57E005C2696 /* Networking.swift */,
				38D87FEE2B0AC441005C2696 /* Model.swift */,
			);
			path = Model;
			sourceTree = "<group>";
		};
/* End PBXGroup section */

/* Begin PBXNativeTarget section */
		382115312B01A37700B9BE80 /* Coffee Creek */ = {
			isa = PBXNativeTarget;
			buildConfigurationList = 382115562B01A37800B9BE80 /* Build configuration list for PBXNativeTarget "Coffee Creek" */;
			buildPhases = (
				3821152E2B01A37700B9BE80 /* Sources */,
				3821152F2B01A37700B9BE80 /* Frameworks */,
				382115302B01A37700B9BE80 /* Resources */,
			);
			buildRules = (
			);
			dependencies = (
			);
			name = "Coffee Creek";
			productName = "Coffee Creek";
			productReference = 382115322B01A37700B9BE80 /* Coffee Creek.app */;
			productType = "com.apple.product-type.application";
		};
		382115412B01A37800B9BE80 /* Coffee CreekTests */ = {
			isa = PBXNativeTarget;
			buildConfigurationList = 382115592B01A37800B9BE80 /* Build configuration list for PBXNativeTarget "Coffee CreekTests" */;
			buildPhases = (
				3821153E2B01A37800B9BE80 /* Sources */,
				3821153F2B01A37800B9BE80 /* Frameworks */,
				382115402B01A37800B9BE80 /* Resources */,
			);
			buildRules = (
			);
			dependencies = (
				382115442B01A37800B9BE80 /* PBXTargetDependency */,
			);
			name = "Coffee CreekTests";
			productName = "Coffee CreekTests";
			productReference = 382115422B01A37800B9BE80 /* Coffee CreekTests.xctest */;
			productType = "com.apple.product-type.bundle.unit-test";
		};
		3821154B2B01A37800B9BE80 /* Coffee CreekUITests */ = {
			isa = PBXNativeTarget;
			buildConfigurationList = 3821155C2B01A37800B9BE80 /* Build configuration list for PBXNativeTarget "Coffee CreekUITests" */;
			buildPhases = (
				382115482B01A37800B9BE80 /* Sources */,
				382115492B01A37800B9BE80 /* Frameworks */,
				3821154A2B01A37800B9BE80 /* Resources */,
			);
			buildRules = (
			);
			dependencies = (
				3821154E2B01A37800B9BE80 /* PBXTargetDependency */,
			);
			name = "Coffee CreekUITests";
			productName = "Coffee CreekUITests";
			productReference = 3821154C2B01A37800B9BE80 /* Coffee CreekUITests.xctest */;
			productType = "com.apple.product-type.bundle.ui-testing";
		};
/* End PBXNativeTarget section */

/* Begin PBXProject section */
		3821152A2B01A37700B9BE80 /* Project object */ = {
			isa = PBXProject;
			attributes = {
				BuildIndependentTargetsInParallel = 1;
				LastSwiftUpdateCheck = 1430;
				LastUpgradeCheck = 1430;
				TargetAttributes = {
					382115312B01A37700B9BE80 = {
						CreatedOnToolsVersion = 14.3.1;
					};
					382115412B01A37800B9BE80 = {
						CreatedOnToolsVersion = 14.3.1;
						TestTargetID = 382115312B01A37700B9BE80;
					};
					3821154B2B01A37800B9BE80 = {
						CreatedOnToolsVersion = 14.3.1;
						TestTargetID = 382115312B01A37700B9BE80;
					};
				};
			};
			buildConfigurationList = 3821152D2B01A37700B9BE80 /* Build configuration list for PBXProject "Coffee Creek" */;
			compatibilityVersion = "Xcode 14.0";
			developmentRegion = en;
			hasScannedForEncodings = 0;
			knownRegions = (
				en,
				Base,
			);
			mainGroup = 382115292B01A37700B9BE80;
			productRefGroup = 382115332B01A37700B9BE80 /* Products */;
			projectDirPath = "";
			projectRoot = "";
			targets = (
				382115312B01A37700B9BE80 /* Coffee Creek */,
				382115412B01A37800B9BE80 /* Coffee CreekTests */,
				3821154B2B01A37800B9BE80 /* Coffee CreekUITests */,
			);
		};
/* End PBXProject section */

/* Begin PBXResourcesBuildPhase section */
		382115302B01A37700B9BE80 /* Resources */ = {
			isa = PBXResourcesBuildPhase;
			buildActionMask = 2147483647;
			files = (
				3821153D2B01A37800B9BE80 /* Preview Assets.xcassets in Resources */,
				3821153A2B01A37800B9BE80 /* Assets.xcassets in Resources */,
				38D87FE92B09B134005C2696 /* MockNearMeSearch.json in Resources */,
			);
			runOnlyForDeploymentPostprocessing = 0;
		};
		382115402B01A37800B9BE80 /* Resources */ = {
			isa = PBXResourcesBuildPhase;
			buildActionMask = 2147483647;
			files = (
			);
			runOnlyForDeploymentPostprocessing = 0;
		};
		3821154A2B01A37800B9BE80 /* Resources */ = {
			isa = PBXResourcesBuildPhase;
			buildActionMask = 2147483647;
			files = (
			);
			runOnlyForDeploymentPostprocessing = 0;
		};
/* End PBXResourcesBuildPhase section */

/* Begin PBXSourcesBuildPhase section */
		3821152E2B01A37700B9BE80 /* Sources */ = {
			isa = PBXSourcesBuildPhase;
			buildActionMask = 2147483647;
			files = (
				38D87FEF2B0AC441005C2696 /* Model.swift in Sources */,
				382115382B01A37700B9BE80 /* ContentView.swift in Sources */,
				382115602B01F4DD00B9BE80 /* SpalshScreen.swift in Sources */,
				382115362B01A37700B9BE80 /* Coffee_CreekApp.swift in Sources */,
				38D87FED2B09B57E005C2696 /* Networking.swift in Sources */,
				38D87FE72B07110F005C2696 /* CoffeePlace.swift in Sources */,
				38D87FE52B070C2B005C2696 /* ListItemView.swift in Sources */,
			);
			runOnlyForDeploymentPostprocessing = 0;
		};
		3821153E2B01A37800B9BE80 /* Sources */ = {
			isa = PBXSourcesBuildPhase;
			buildActionMask = 2147483647;
			files = (
				382115472B01A37800B9BE80 /* Coffee_CreekTests.swift in Sources */,
			);
			runOnlyForDeploymentPostprocessing = 0;
		};
		382115482B01A37800B9BE80 /* Sources */ = {
			isa = PBXSourcesBuildPhase;
			buildActionMask = 2147483647;
			files = (
				382115512B01A37800B9BE80 /* Coffee_CreekUITests.swift in Sources */,
				382115532B01A37800B9BE80 /* Coffee_CreekUITestsLaunchTests.swift in Sources */,
			);
			runOnlyForDeploymentPostprocessing = 0;
		};
/* End PBXSourcesBuildPhase section */

/* Begin PBXTargetDependency section */
		382115442B01A37800B9BE80 /* PBXTargetDependency */ = {
			isa = PBXTargetDependency;
			target = 382115312B01A37700B9BE80 /* Coffee Creek */;
			targetProxy = 382115432B01A37800B9BE80 /* PBXContainerItemProxy */;
		};
		3821154E2B01A37800B9BE80 /* PBXTargetDependency */ = {
			isa = PBXTargetDependency;
			target = 382115312B01A37700B9BE80 /* Coffee Creek */;
			targetProxy = 3821154D2B01A37800B9BE80 /* PBXContainerItemProxy */;
		};
/* End PBXTargetDependency section */

/* Begin XCBuildConfiguration section */
		382115542B01A37800B9BE80 /* Debug */ = {
			isa = XCBuildConfiguration;
			buildSettings = {
				ALWAYS_SEARCH_USER_PATHS = NO;
				CLANG_ANALYZER_NONNULL = YES;
				CLANG_ANALYZER_NUMBER_OBJECT_CONVERSION = YES_AGGRESSIVE;
				CLANG_CXX_LANGUAGE_STANDARD = "gnu++20";
				CLANG_ENABLE_MODULES = YES;
				CLANG_ENABLE_OBJC_ARC = YES;
				CLANG_ENABLE_OBJC_WEAK = YES;
				CLANG_WARN_BLOCK_CAPTURE_AUTORELEASING = YES;
				CLANG_WARN_BOOL_CONVERSION = YES;
				CLANG_WARN_COMMA = YES;
				CLANG_WARN_CONSTANT_CONVERSION = YES;
				CLANG_WARN_DEPRECATED_OBJC_IMPLEMENTATIONS = YES;
				CLANG_WARN_DIRECT_OBJC_ISA_USAGE = YES_ERROR;
				CLANG_WARN_DOCUMENTATION_COMMENTS = YES;
				CLANG_WARN_EMPTY_BODY = YES;
				CLANG_WARN_ENUM_CONVERSION = YES;
				CLANG_WARN_INFINITE_RECURSION = YES;
				CLANG_WARN_INT_CONVERSION = YES;
				CLANG_WARN_NON_LITERAL_NULL_CONVERSION = YES;
				CLANG_WARN_OBJC_IMPLICIT_RETAIN_SELF = YES;
				CLANG_WARN_OBJC_LITERAL_CONVERSION = YES;
				CLANG_WARN_OBJC_ROOT_CLASS = YES_ERROR;
				CLANG_WARN_QUOTED_INCLUDE_IN_FRAMEWORK_HEADER = YES;
				CLANG_WARN_RANGE_LOOP_ANALYSIS = YES;
				CLANG_WARN_STRICT_PROTOTYPES = YES;
				CLANG_WARN_SUSPICIOUS_MOVE = YES;
				CLANG_WARN_UNGUARDED_AVAILABILITY = YES_AGGRESSIVE;
				CLANG_WARN_UNREACHABLE_CODE = YES;
				CLANG_WARN__DUPLICATE_METHOD_MATCH = YES;
				COPY_PHASE_STRIP = NO;
				DEBUG_INFORMATION_FORMAT = dwarf;
				ENABLE_STRICT_OBJC_MSGSEND = YES;
				ENABLE_TESTABILITY = YES;
				GCC_C_LANGUAGE_STANDARD = gnu11;
				GCC_DYNAMIC_NO_PIC = NO;
				GCC_NO_COMMON_BLOCKS = YES;
				GCC_OPTIMIZATION_LEVEL = 0;
				GCC_PREPROCESSOR_DEFINITIONS = (
					"DEBUG=1",
					"$(inherited)",
				);
				GCC_WARN_64_TO_32_BIT_CONVERSION = YES;
				GCC_WARN_ABOUT_RETURN_TYPE = YES_ERROR;
				GCC_WARN_UNDECLARED_SELECTOR = YES;
				GCC_WARN_UNINITIALIZED_AUTOS = YES_AGGRESSIVE;
				GCC_WARN_UNUSED_FUNCTION = YES;
				GCC_WARN_UNUSED_VARIABLE = YES;
				IPHONEOS_DEPLOYMENT_TARGET = 16.4;
				MTL_ENABLE_DEBUG_INFO = INCLUDE_SOURCE;
				MTL_FAST_MATH = YES;
				ONLY_ACTIVE_ARCH = YES;
				SDKROOT = iphoneos;
				SWIFT_ACTIVE_COMPILATION_CONDITIONS = DEBUG;
				SWIFT_OPTIMIZATION_LEVEL = "-Onone";
			};
			name = Debug;
		};
		382115552B01A37800B9BE80 /* Release */ = {
			isa = XCBuildConfiguration;
			buildSettings = {
				ALWAYS_SEARCH_USER_PATHS = NO;
				CLANG_ANALYZER_NONNULL = YES;
				CLANG_ANALYZER_NUMBER_OBJECT_CONVERSION = YES_AGGRESSIVE;
				CLANG_CXX_LANGUAGE_STANDARD = "gnu++20";
				CLANG_ENABLE_MODULES = YES;
				CLANG_ENABLE_OBJC_ARC = YES;
				CLANG_ENABLE_OBJC_WEAK = YES;
				CLANG_WARN_BLOCK_CAPTURE_AUTORELEASING = YES;
				CLANG_WARN_BOOL_CONVERSION = YES;
				CLANG_WARN_COMMA = YES;
				CLANG_WARN_CONSTANT_CONVERSION = YES;
				CLANG_WARN_DEPRECATED_OBJC_IMPLEMENTATIONS = YES;
				CLANG_WARN_DIRECT_OBJC_ISA_USAGE = YES_ERROR;
				CLANG_WARN_DOCUMENTATION_COMMENTS = YES;
				CLANG_WARN_EMPTY_BODY = YES;
				CLANG_WARN_ENUM_CONVERSION = YES;
				CLANG_WARN_INFINITE_RECURSION = YES;
				CLANG_WARN_INT_CONVERSION = YES;
				CLANG_WARN_NON_LITERAL_NULL_CONVERSION = YES;
				CLANG_WARN_OBJC_IMPLICIT_RETAIN_SELF = YES;
				CLANG_WARN_OBJC_LITERAL_CONVERSION = YES;
				CLANG_WARN_OBJC_ROOT_CLASS = YES_ERROR;
				CLANG_WARN_QUOTED_INCLUDE_IN_FRAMEWORK_HEADER = YES;
				CLANG_WARN_RANGE_LOOP_ANALYSIS = YES;
				CLANG_WARN_STRICT_PROTOTYPES = YES;
				CLANG_WARN_SUSPICIOUS_MOVE = YES;
				CLANG_WARN_UNGUARDED_AVAILABILITY = YES_AGGRESSIVE;
				CLANG_WARN_UNREACHABLE_CODE = YES;
				CLANG_WARN__DUPLICATE_METHOD_MATCH = YES;
				COPY_PHASE_STRIP = NO;
				DEBUG_INFORMATION_FORMAT = "dwarf-with-dsym";
				ENABLE_NS_ASSERTIONS = NO;
				ENABLE_STRICT_OBJC_MSGSEND = YES;
				GCC_C_LANGUAGE_STANDARD = gnu11;
				GCC_NO_COMMON_BLOCKS = YES;
				GCC_WARN_64_TO_32_BIT_CONVERSION = YES;
				GCC_WARN_ABOUT_RETURN_TYPE = YES_ERROR;
				GCC_WARN_UNDECLARED_SELECTOR = YES;
				GCC_WARN_UNINITIALIZED_AUTOS = YES_AGGRESSIVE;
				GCC_WARN_UNUSED_FUNCTION = YES;
				GCC_WARN_UNUSED_VARIABLE = YES;
				IPHONEOS_DEPLOYMENT_TARGET = 16.4;
				MTL_ENABLE_DEBUG_INFO = NO;
				MTL_FAST_MATH = YES;
				SDKROOT = iphoneos;
				SWIFT_COMPILATION_MODE = wholemodule;
				SWIFT_OPTIMIZATION_LEVEL = "-O";
				VALIDATE_PRODUCT = YES;
			};
			name = Release;
		};
		382115572B01A37800B9BE80 /* Debug */ = {
			isa = XCBuildConfiguration;
			buildSettings = {
				ASSETCATALOG_COMPILER_APPICON_NAME = AppIcon;
				ASSETCATALOG_COMPILER_GLOBAL_ACCENT_COLOR_NAME = AccentColor;
				CODE_SIGN_STYLE = Automatic;
				CURRENT_PROJECT_VERSION = 1;
				DEVELOPMENT_ASSET_PATHS = "\"Coffee Creek/Preview Content\"";
				DEVELOPMENT_TEAM = 9A33Y4DYYX;
				ENABLE_PREVIEWS = YES;
				GENERATE_INFOPLIST_FILE = YES;
				INFOPLIST_KEY_UIApplicationSceneManifest_Generation = YES;
				INFOPLIST_KEY_UIApplicationSupportsIndirectInputEvents = YES;
				INFOPLIST_KEY_UILaunchScreen_Generation = YES;
				INFOPLIST_KEY_UISupportedInterfaceOrientations_iPad = "UIInterfaceOrientationPortrait UIInterfaceOrientationPortraitUpsideDown UIInterfaceOrientationLandscapeLeft UIInterfaceOrientationLandscapeRight";
				INFOPLIST_KEY_UISupportedInterfaceOrientations_iPhone = "UIInterfaceOrientationPortrait UIInterfaceOrientationLandscapeLeft UIInterfaceOrientationLandscapeRight";
				LD_RUNPATH_SEARCH_PATHS = (
					"$(inherited)",
					"@executable_path/Frameworks",
				);
				MARKETING_VERSION = 1.0;
				PRODUCT_BUNDLE_IDENTIFIER = "com.villa.testApp.Coffee-Creek";
				PRODUCT_NAME = "$(TARGET_NAME)";
				SWIFT_EMIT_LOC_STRINGS = YES;
				SWIFT_VERSION = 5.0;
				TARGETED_DEVICE_FAMILY = "1,2";
			};
			name = Debug;
		};
		382115582B01A37800B9BE80 /* Release */ = {
			isa = XCBuildConfiguration;
			buildSettings = {
				ASSETCATALOG_COMPILER_APPICON_NAME = AppIcon;
				ASSETCATALOG_COMPILER_GLOBAL_ACCENT_COLOR_NAME = AccentColor;
				CODE_SIGN_STYLE = Automatic;
				CURRENT_PROJECT_VERSION = 1;
				DEVELOPMENT_ASSET_PATHS = "\"Coffee Creek/Preview Content\"";
				DEVELOPMENT_TEAM = 9A33Y4DYYX;
				ENABLE_PREVIEWS = YES;
				GENERATE_INFOPLIST_FILE = YES;
				INFOPLIST_KEY_UIApplicationSceneManifest_Generation = YES;
				INFOPLIST_KEY_UIApplicationSupportsIndirectInputEvents = YES;
				INFOPLIST_KEY_UILaunchScreen_Generation = YES;
				INFOPLIST_KEY_UISupportedInterfaceOrientations_iPad = "UIInterfaceOrientationPortrait UIInterfaceOrientationPortraitUpsideDown UIInterfaceOrientationLandscapeLeft UIInterfaceOrientationLandscapeRight";
				INFOPLIST_KEY_UISupportedInterfaceOrientations_iPhone = "UIInterfaceOrientationPortrait UIInterfaceOrientationLandscapeLeft UIInterfaceOrientationLandscapeRight";
				LD_RUNPATH_SEARCH_PATHS = (
					"$(inherited)",
					"@executable_path/Frameworks",
				);
				MARKETING_VERSION = 1.0;
				PRODUCT_BUNDLE_IDENTIFIER = "com.villa.testApp.Coffee-Creek";
				PRODUCT_NAME = "$(TARGET_NAME)";
				SWIFT_EMIT_LOC_STRINGS = YES;
				SWIFT_VERSION = 5.0;
				TARGETED_DEVICE_FAMILY = "1,2";
			};
			name = Release;
		};
		3821155A2B01A37800B9BE80 /* Debug */ = {
			isa = XCBuildConfiguration;
			buildSettings = {
				ALWAYS_EMBED_SWIFT_STANDARD_LIBRARIES = YES;
				BUNDLE_LOADER = "$(TEST_HOST)";
				CODE_SIGN_STYLE = Automatic;
				CURRENT_PROJECT_VERSION = 1;
				DEVELOPMENT_TEAM = 9A33Y4DYYX;
				GENERATE_INFOPLIST_FILE = YES;
				IPHONEOS_DEPLOYMENT_TARGET = 16.4;
				MARKETING_VERSION = 1.0;
				PRODUCT_BUNDLE_IDENTIFIER = "com.villa.testApp.Coffee-CreekTests";
				PRODUCT_NAME = "$(TARGET_NAME)";
				SWIFT_EMIT_LOC_STRINGS = NO;
				SWIFT_VERSION = 5.0;
				TARGETED_DEVICE_FAMILY = "1,2";
				TEST_HOST = "$(BUILT_PRODUCTS_DIR)/Coffee Creek.app/$(BUNDLE_EXECUTABLE_FOLDER_PATH)/Coffee Creek";
			};
			name = Debug;
		};
		3821155B2B01A37800B9BE80 /* Release */ = {
			isa = XCBuildConfiguration;
			buildSettings = {
				ALWAYS_EMBED_SWIFT_STANDARD_LIBRARIES = YES;
				BUNDLE_LOADER = "$(TEST_HOST)";
				CODE_SIGN_STYLE = Automatic;
				CURRENT_PROJECT_VERSION = 1;
				DEVELOPMENT_TEAM = 9A33Y4DYYX;
				GENERATE_INFOPLIST_FILE = YES;
				IPHONEOS_DEPLOYMENT_TARGET = 16.4;
				MARKETING_VERSION = 1.0;
				PRODUCT_BUNDLE_IDENTIFIER = "com.villa.testApp.Coffee-CreekTests";
				PRODUCT_NAME = "$(TARGET_NAME)";
				SWIFT_EMIT_LOC_STRINGS = NO;
				SWIFT_VERSION = 5.0;
				TARGETED_DEVICE_FAMILY = "1,2";
				TEST_HOST = "$(BUILT_PRODUCTS_DIR)/Coffee Creek.app/$(BUNDLE_EXECUTABLE_FOLDER_PATH)/Coffee Creek";
			};
			name = Release;
		};
		3821155D2B01A37800B9BE80 /* Debug */ = {
			isa = XCBuildConfiguration;
			buildSettings = {
				ALWAYS_EMBED_SWIFT_STANDARD_LIBRARIES = YES;
				CODE_SIGN_STYLE = Automatic;
				CURRENT_PROJECT_VERSION = 1;
				DEVELOPMENT_TEAM = 9A33Y4DYYX;
				GENERATE_INFOPLIST_FILE = YES;
				MARKETING_VERSION = 1.0;
				PRODUCT_BUNDLE_IDENTIFIER = "com.villa.testApp.Coffee-CreekUITests";
				PRODUCT_NAME = "$(TARGET_NAME)";
				SWIFT_EMIT_LOC_STRINGS = NO;
				SWIFT_VERSION = 5.0;
				TARGETED_DEVICE_FAMILY = "1,2";
				TEST_TARGET_NAME = "Coffee Creek";
			};
			name = Debug;
		};
		3821155E2B01A37800B9BE80 /* Release */ = {
			isa = XCBuildConfiguration;
			buildSettings = {
				ALWAYS_EMBED_SWIFT_STANDARD_LIBRARIES = YES;
				CODE_SIGN_STYLE = Automatic;
				CURRENT_PROJECT_VERSION = 1;
				DEVELOPMENT_TEAM = 9A33Y4DYYX;
				GENERATE_INFOPLIST_FILE = YES;
				MARKETING_VERSION = 1.0;
				PRODUCT_BUNDLE_IDENTIFIER = "com.villa.testApp.Coffee-CreekUITests";
				PRODUCT_NAME = "$(TARGET_NAME)";
				SWIFT_EMIT_LOC_STRINGS = NO;
				SWIFT_VERSION = 5.0;
				TARGETED_DEVICE_FAMILY = "1,2";
				TEST_TARGET_NAME = "Coffee Creek";
			};
			name = Release;
		};
/* End XCBuildConfiguration section */

/* Begin XCConfigurationList section */
		3821152D2B01A37700B9BE80 /* Build configuration list for PBXProject "Coffee Creek" */ = {
			isa = XCConfigurationList;
			buildConfigurations = (
				382115542B01A37800B9BE80 /* Debug */,
				382115552B01A37800B9BE80 /* Release */,
			);
			defaultConfigurationIsVisible = 0;
			defaultConfigurationName = Release;
		};
		382115562B01A37800B9BE80 /* Build configuration list for PBXNativeTarget "Coffee Creek" */ = {
			isa = XCConfigurationList;
			buildConfigurations = (
				382115572B01A37800B9BE80 /* Debug */,
				382115582B01A37800B9BE80 /* Release */,
			);
			defaultConfigurationIsVisible = 0;
			defaultConfigurationName = Release;
		};
		382115592B01A37800B9BE80 /* Build configuration list for PBXNativeTarget "Coffee CreekTests" */ = {
			isa = XCConfigurationList;
			buildConfigurations = (
				3821155A2B01A37800B9BE80 /* Debug */,
				3821155B2B01A37800B9BE80 /* Release */,
			);
			defaultConfigurationIsVisible = 0;
			defaultConfigurationName = Release;
		};
		3821155C2B01A37800B9BE80 /* Build configuration list for PBXNativeTarget "Coffee CreekUITests" */ = {
			isa = XCConfigurationList;
			buildConfigurations = (
				3821155D2B01A37800B9BE80 /* Debug */,
				3821155E2B01A37800B9BE80 /* Release */,
			);
			defaultConfigurationIsVisible = 0;
			defaultConfigurationName = Release;
		};
/* End XCConfigurationList section */
	};
	rootObject = 3821152A2B01A37700B9BE80 /* Project object */;
}
